
Microsoft Visual Studio Solution File, Format Version 12.00
# Visual Studio Version 16
VisualStudioVersion = 16.0.30717.126
MinimumVisualStudioVersion = 10.0.40219.1
Project("{9A19103F-16F7-4668-BE54-9A1E7A4F7556}") = "Problem001", "Problem001\Problem001.csproj", "{92B44A1A-DB9D-4CC2-B62B-3630A4DD9F1D}"
EndProject
Project("{FAE04EC0-301F-11D3-BF4B-00C04F79EFBC}") = "Problem002", "Problem002\Problem002.csproj", "{B4107764-8225-4334-9869-6AB30BF034CC}"
EndProject
Project("{FAE04EC0-301F-11D3-BF4B-00C04F79EFBC}") = "Problem003", "Problem003\Problem003.csproj", "{7B3BA737-AB34-4D16-B144-9720D7C8CD07}"
EndProject
Project("{FAE04EC0-301F-11D3-BF4B-00C04F79EFBC}") = "Problem004", "Problem004\Problem004.csproj", "{7BCCD6A3-C4F9-4F17-874D-88F76BF2B5D1}"
EndProject
Project("{FAE04EC0-301F-11D3-BF4B-00C04F79EFBC}") = "Problem005", "Problem005\Problem005.csproj", "{121ECFA1-03A8-4A2F-B7F3-11D3055E99C9}"
EndProject
Project("{FAE04EC0-301F-11D3-BF4B-00C04F79EFBC}") = "Problem006", "Problem006\Problem006.csproj", "{751DC60F-7770-4E52-B65A-74345E16F1F5}"
EndProject
Project("{FAE04EC0-301F-11D3-BF4B-00C04F79EFBC}") = "Problem007", "Problem007\Problem007.csproj", "{5FD6941D-E04B-4B68-A360-20ABB295CA2C}"
EndProject
Project("{FAE04EC0-301F-11D3-BF4B-00C04F79EFBC}") = "Problem008", "Problem008\Problem008.csproj", "{40B356A7-F67D-4431-B8E5-BD61FD6E1C43}"
EndProject
Global
	GlobalSection(SolutionConfigurationPlatforms) = preSolution
		Debug|Any CPU = Debug|Any CPU
		Release|Any CPU = Release|Any CPU
	EndGlobalSection
	GlobalSection(ProjectConfigurationPlatforms) = postSolution
		{92B44A1A-DB9D-4CC2-B62B-3630A4DD9F1D}.Debug|Any CPU.ActiveCfg = Debug|Any CPU
		{92B44A1A-DB9D-4CC2-B62B-3630A4DD9F1D}.Debug|Any CPU.Build.0 = Debug|Any CPU
		{92B44A1A-DB9D-4CC2-B62B-3630A4DD9F1D}.Release|Any CPU.ActiveCfg = Release|Any CPU
		{92B44A1A-DB9D-4CC2-B62B-3630A4DD9F1D}.Release|Any CPU.Build.0 = Release|Any CPU
		{B4107764-8225-4334-9869-6AB30BF034CC}.Debug|Any CPU.ActiveCfg = Debug|Any CPU
		{B4107764-8225-4334-9869-6AB30BF034CC}.Debug|Any CPU.Build.0 = Debug|Any CPU
		{B4107764-8225-4334-9869-6AB30BF034CC}.Release|Any CPU.ActiveCfg = Release|Any CPU
		{B4107764-8225-4334-9869-6AB30BF034CC}.Release|Any CPU.Build.0 = Release|Any CPU
		{7B3BA737-AB34-4D16-B144-9720D7C8CD07}.Debug|Any CPU.ActiveCfg = Debug|Any CPU
		{7B3BA737-AB34-4D16-B144-9720D7C8CD07}.Debug|Any CPU.Build.0 = Debug|Any CPU
		{7B3BA737-AB34-4D16-B144-9720D7C8CD07}.Release|Any CPU.ActiveCfg = Release|Any CPU
		{7B3BA737-AB34-4D16-B144-9720D7C8CD07}.Release|Any CPU.Build.0 = Release|Any CPU
		{7BCCD6A3-C4F9-4F17-874D-88F76BF2B5D1}.Debug|Any CPU.ActiveCfg = Debug|Any CPU
		{7BCCD6A3-C4F9-4F17-874D-88F76BF2B5D1}.Debug|Any CPU.Build.0 = Debug|Any CPU
		{7BCCD6A3-C4F9-4F17-874D-88F76BF2B5D1}.Release|Any CPU.ActiveCfg = Release|Any CPU
		{7BCCD6A3-C4F9-4F17-874D-88F76BF2B5D1}.Release|Any CPU.Build.0 = Release|Any CPU
		{121ECFA1-03A8-4A2F-B7F3-11D3055E99C9}.Debug|Any CPU.ActiveCfg = Debug|Any CPU
		{121ECFA1-03A8-4A2F-B7F3-11D3055E99C9}.Debug|Any CPU.Build.0 = Debug|Any CPU
		{121ECFA1-03A8-4A2F-B7F3-11D3055E99C9}.Release|Any CPU.ActiveCfg = Release|Any CPU
		{121ECFA1-03A8-4A2F-B7F3-11D3055E99C9}.Release|Any CPU.Build.0 = Release|Any CPU
		{751DC60F-7770-4E52-B65A-74345E16F1F5}.Debug|Any CPU.ActiveCfg = Debug|Any CPU
		{751DC60F-7770-4E52-B65A-74345E16F1F5}.Debug|Any CPU.Build.0 = Debug|Any CPU
		{751DC60F-7770-4E52-B65A-74345E16F1F5}.Release|Any CPU.ActiveCfg = Release|Any CPU
		{751DC60F-7770-4E52-B65A-74345E16F1F5}.Release|Any CPU.Build.0 = Release|Any CPU
		{5FD6941D-E04B-4B68-A360-20ABB295CA2C}.Debug|Any CPU.ActiveCfg = Debug|Any CPU
		{5FD6941D-E04B-4B68-A360-20ABB295CA2C}.Debug|Any CPU.Build.0 = Debug|Any CPU
		{5FD6941D-E04B-4B68-A360-20ABB295CA2C}.Release|Any CPU.ActiveCfg = Release|Any CPU
		{5FD6941D-E04B-4B68-A360-20ABB295CA2C}.Release|Any CPU.Build.0 = Release|Any CPU
		{40B356A7-F67D-4431-B8E5-BD61FD6E1C43}.Debug|Any CPU.ActiveCfg = Debug|Any CPU
		{40B356A7-F67D-4431-B8E5-BD61FD6E1C43}.Debug|Any CPU.Build.0 = Debug|Any CPU
		{40B356A7-F67D-4431-B8E5-BD61FD6E1C43}.Release|Any CPU.ActiveCfg = Release|Any CPU
		{40B356A7-F67D-4431-B8E5-BD61FD6E1C43}.Release|Any CPU.Build.0 = Release|Any CPU
	EndGlobalSection
	GlobalSection(SolutionProperties) = preSolution
		HideSolutionNode = FALSE
	EndGlobalSection
	GlobalSection(ExtensibilityGlobals) = postSolution
		SolutionGuid = {1EACCA00-BCF8-427A-917D-9CBE178BCD83}
	EndGlobalSection
EndGlobal
